
Microsoft Visual Studio Solution File, Format Version 12.00
# Visual Studio Version 17
VisualStudioVersion = 17.14.36811.4 d17.14
MinimumVisualStudioVersion = 10.0.40219.1
Project("{8BC9CEB8-8B4A-11D0-8D11-00A0C91BC942}") = "ConsoleApplication1", "ConsoleApplication1\ConsoleApplication1.vcxproj", "{2C946806-A499-4F90-A43A-79BEADC3436C}"
EndProject
Project("{8BC9CEB8-8B4A-11D0-8D11-00A0C91BC942}") = "Client", "Client\Client.vcxproj", "{2B5EC3B2-0A04-4DDD-9687-AFE57CF5BE46}"
EndProject
Global
	GlobalSection(SolutionConfigurationPlatforms) = preSolution
		Debug|x64 = Debug|x64
		Debug|x86 = Debug|x86
		Release|x64 = Release|x64
		Release|x86 = Release|x86
	EndGlobalSection
	GlobalSection(ProjectConfigurationPlatforms) = postSolution
		{2C946806-A499-4F90-A43A-79BEADC3436C}.Debug|x64.ActiveCfg = Debug|x64
		{2C946806-A499-4F90-A43A-79BEADC3436C}.Debug|x64.Build.0 = Debug|x64
		{2C946806-A499-4F90-A43A-79BEADC3436C}.Debug|x86.ActiveCfg = Debug|Win32
		{2C946806-A499-4F90-A43A-79BEADC3436C}.Debug|x86.Build.0 = Debug|Win32
		{2C946806-A499-4F90-A43A-79BEADC3436C}.Release|x64.ActiveCfg = Release|x64
		{2C946806-A499-4F90-A43A-79BEADC3436C}.Release|x64.Build.0 = Release|x64
		{2C946806-A499-4F90-A43A-79BEADC3436C}.Release|x86.ActiveCfg = Release|Win32
		{2C946806-A499-4F90-A43A-79BEADC3436C}.Release|x86.Build.0 = Release|Win32
		{2B5EC3B2-0A04-4DDD-9687-AFE57CF5BE46}.Debug|x64.ActiveCfg = Debug|x64
		{2B5EC3B2-0A04-4DDD-9687-AFE57CF5BE46}.Debug|x64.Build.0 = Debug|x64
		{2B5EC3B2-0A04-4DDD-9687-AFE57CF5BE46}.Debug|x86.ActiveCfg = Debug|Win32
		{2B5EC3B2-0A04-4DDD-9687-AFE57CF5BE46}.Debug|x86.Build.0 = Debug|Win32
		{2B5EC3B2-0A04-4DDD-9687-AFE57CF5BE46}.Release|x64.ActiveCfg = Release|x64
		{2B5EC3B2-0A04-4DDD-9687-AFE57CF5BE46}.Release|x64.Build.0 = Release|x64
		{2B5EC3B2-0A04-4DDD-9687-AFE57CF5BE46}.Release|x86.ActiveCfg = Release|Win32
		{2B5EC3B2-0A04-4DDD-9687-AFE57CF5BE46}.Release|x86.Build.0 = Release|Win32
	EndGlobalSection
	GlobalSection(SolutionProperties) = preSolution
		HideSolutionNode = FALSE
	EndGlobalSection
	GlobalSection(ExtensibilityGlobals) = postSolution
		SolutionGuid = {C1C6C024-B91F-42A5-B1C3-731738FE0A52}
	EndGlobalSection
EndGlobal
